// !$*UTF8*$!
{
	archiveVersion = 1;
	classes = {
	};
	objectVersion = 55;
	objects = {

/* Begin PBXBuildFile section */
		475E235D281A34750068D5C0 /* UI_550App.swift in Sources */ = {isa = PBXBuildFile; fileRef = 475E235C281A34750068D5C0 /* UI_550App.swift */; };
		475E235F281A34750068D5C0 /* ContentView.swift in Sources */ = {isa = PBXBuildFile; fileRef = 475E235E281A34750068D5C0 /* ContentView.swift */; };
		475E2361281A34760068D5C0 /* Assets.xcassets in Resources */ = {isa = PBXBuildFile; fileRef = 475E2360281A34760068D5C0 /* Assets.xcassets */; };
		475E2364281A34760068D5C0 /* Preview Assets.xcassets in Resources */ = {isa = PBXBuildFile; fileRef = 475E2363281A34760068D5C0 /* Preview Assets.xcassets */; };
		475E236E281A34760068D5C0 /* UI_550Tests.swift in Sources */ = {isa = PBXBuildFile; fileRef = 475E236D281A34760068D5C0 /* UI_550Tests.swift */; };
		475E2378281A34760068D5C0 /* UI_550UITests.swift in Sources */ = {isa = PBXBuildFile; fileRef = 475E2377281A34760068D5C0 /* UI_550UITests.swift */; };
		475E237A281A34760068D5C0 /* UI_550UITestsLaunchTests.swift in Sources */ = {isa = PBXBuildFile; fileRef = 475E2379281A34760068D5C0 /* UI_550UITestsLaunchTests.swift */; };
		475E2388281A354A0068D5C0 /* CustomTabBar.swift in Sources */ = {isa = PBXBuildFile; fileRef = 475E2387281A354A0068D5C0 /* CustomTabBar.swift */; };
/* End PBXBuildFile section */

/* Begin PBXContainerItemProxy section */
		475E236A281A34760068D5C0 /* PBXContainerItemProxy */ = {
			isa = PBXContainerItemProxy;
			containerPortal = 475E2351281A34750068D5C0 /* Project object */;
			proxyType = 1;
			remoteGlobalIDString = 475E2358281A34750068D5C0;
			remoteInfo = "UI-550";
		};
		475E2374281A34760068D5C0 /* PBXContainerItemProxy */ = {
			isa = PBXContainerItemProxy;
			containerPortal = 475E2351281A34750068D5C0 /* Project object */;
			proxyType = 1;
			remoteGlobalIDString = 475E2358281A34750068D5C0;
			remoteInfo = "UI-550";
		};
/* End PBXContainerItemProxy section */

/* Begin PBXFileReference section */
		475E2359281A34750068D5C0 /* UI-550.app */ = {isa = PBXFileReference; explicitFileType = wrapper.application; includeInIndex = 0; path = "UI-550.app"; sourceTree = BUILT_PRODUCTS_DIR; };
		475E235C281A34750068D5C0 /* UI_550App.swift */ = {isa = PBXFileReference; lastKnownFileType = sourcecode.swift; path = UI_550App.swift; sourceTree = "<group>"; };
		475E235E281A34750068D5C0 /* ContentView.swift */ = {isa = PBXFileReference; lastKnownFileType = sourcecode.swift; path = ContentView.swift; sourceTree = "<group>"; };
		475E2360281A34760068D5C0 /* Assets.xcassets */ = {isa = PBXFileReference; lastKnownFileType = folder.assetcatalog; path = Assets.xcassets; sourceTree = "<group>"; };
		475E2363281A34760068D5C0 /* Preview Assets.xcassets */ = {isa = PBXFileReference; lastKnownFileType = folder.assetcatalog; path = "Preview Assets.xcassets"; sourceTree = "<group>"; };
		475E2369281A34760068D5C0 /* UI-550Tests.xctest */ = {isa = PBXFileReference; explicitFileType = wrapper.cfbundle; includeInIndex = 0; path = "UI-550Tests.xctest"; sourceTree = BUILT_PRODUCTS_DIR; };
		475E236D281A34760068D5C0 /* UI_550Tests.swift */ = {isa = PBXFileReference; lastKnownFileType = sourcecode.swift; path = UI_550Tests.swift; sourceTree = "<group>"; };
		475E2373281A34760068D5C0 /* UI-550UITests.xctest */ = {isa = PBXFileReference; explicitFileType = wrapper.cfbundle; includeInIndex = 0; path = "UI-550UITests.xctest"; sourceTree = BUILT_PRODUCTS_DIR; };
		475E2377281A34760068D5C0 /* UI_550UITests.swift */ = {isa = PBXFileReference; lastKnownFileType = sourcecode.swift; path = UI_550UITests.swift; sourceTree = "<group>"; };
		475E2379281A34760068D5C0 /* UI_550UITestsLaunchTests.swift */ = {isa = PBXFileReference; lastKnownFileType = sourcecode.swift; path = UI_550UITestsLaunchTests.swift; sourceTree = "<group>"; };
		475E2387281A354A0068D5C0 /* CustomTabBar.swift */ = {isa = PBXFileReference; lastKnownFileType = sourcecode.swift; path = CustomTabBar.swift; sourceTree = "<group>"; };
/* End PBXFileReference section */

/* Begin PBXFrameworksBuildPhase section */
		475E2356281A34750068D5C0 /* Frameworks */ = {
			isa = PBXFrameworksBuildPhase;
			buildActionMask = 2147483647;
			files = (
			);
			runOnlyForDeploymentPostprocessing = 0;
		};
		475E2366281A34760068D5C0 /* Frameworks */ = {
			isa = PBXFrameworksBuildPhase;
			buildActionMask = 2147483647;
			files = (
			);
			runOnlyForDeploymentPostprocessing = 0;
		};
		475E2370281A34760068D5C0 /* Frameworks */ = {
			isa = PBXFrameworksBuildPhase;
			buildActionMask = 2147483647;
			files = (
			);
			runOnlyForDeploymentPostprocessing = 0;
		};
/* End PBXFrameworksBuildPhase section */

/* Begin PBXGroup section */
		475E2350281A34750068D5C0 = {
			isa = PBXGroup;
			children = (
				475E235B281A34750068D5C0 /* UI-550 */,
				475E236C281A34760068D5C0 /* UI-550Tests */,
				475E2376281A34760068D5C0 /* UI-550UITests */,
				475E235A281A34750068D5C0 /* Products */,
			);
			sourceTree = "<group>";
		};
		475E235A281A34750068D5C0 /* Products */ = {
			isa = PBXGroup;
			children = (
				475E2359281A34750068D5C0 /* UI-550.app */,
				475E2369281A34760068D5C0 /* UI-550Tests.xctest */,
				475E2373281A34760068D5C0 /* UI-550UITests.xctest */,
			);
			name = Products;
			sourceTree = "<group>";
		};
		475E235B281A34750068D5C0 /* UI-550 */ = {
			isa = PBXGroup;
			children = (
				475E2386281A35440068D5C0 /* View */,
				475E235C281A34750068D5C0 /* UI_550App.swift */,
				475E235E281A34750068D5C0 /* ContentView.swift */,
				475E2360281A34760068D5C0 /* Assets.xcassets */,
				475E2362281A34760068D5C0 /* Preview Content */,
			);
			path = "UI-550";
			sourceTree = "<group>";
		};
		475E2362281A34760068D5C0 /* Preview Content */ = {
			isa = PBXGroup;
			children = (
				475E2363281A34760068D5C0 /* Preview Assets.xcassets */,
			);
			path = "Preview Content";
			sourceTree = "<group>";
		};
		475E236C281A34760068D5C0 /* UI-550Tests */ = {
			isa = PBXGroup;
			children = (
				475E236D281A34760068D5C0 /* UI_550Tests.swift */,
			);
			path = "UI-550Tests";
			sourceTree = "<group>";
		};
		475E2376281A34760068D5C0 /* UI-550UITests */ = {
			isa = PBXGroup;
			children = (
				475E2377281A34760068D5C0 /* UI_550UITests.swift */,
				475E2379281A34760068D5C0 /* UI_550UITestsLaunchTests.swift */,
			);
			path = "UI-550UITests";
			sourceTree = "<group>";
		};
		475E2386281A35440068D5C0 /* View */ = {
			isa = PBXGroup;
			children = (
				475E2387281A354A0068D5C0 /* CustomTabBar.swift */,
			);
			path = View;
			sourceTree = "<group>";
		};
/* End PBXGroup section */

/* Begin PBXNativeTarget section */
		475E2358281A34750068D5C0 /* UI-550 */ = {
			isa = PBXNativeTarget;
			buildConfigurationList = 475E237D281A34760068D5C0 /* Build configuration list for PBXNativeTarget "UI-550" */;
			buildPhases = (
				475E2355281A34750068D5C0 /* Sources */,
				475E2356281A34750068D5C0 /* Frameworks */,
				475E2357281A34750068D5C0 /* Resources */,
			);
			buildRules = (
			);
			dependencies = (
			);
			name = "UI-550";
			productName = "UI-550";
			productReference = 475E2359281A34750068D5C0 /* UI-550.app */;
			productType = "com.apple.product-type.application";
		};
		475E2368281A34760068D5C0 /* UI-550Tests */ = {
			isa = PBXNativeTarget;
			buildConfigurationList = 475E2380281A34760068D5C0 /* Build configuration list for PBXNativeTarget "UI-550Tests" */;
			buildPhases = (
				475E2365281A34760068D5C0 /* Sources */,
				475E2366281A34760068D5C0 /* Frameworks */,
				475E2367281A34760068D5C0 /* Resources */,
			);
			buildRules = (
			);
			dependencies = (
				475E236B281A34760068D5C0 /* PBXTargetDependency */,
			);
			name = "UI-550Tests";
			productName = "UI-550Tests";
			productReference = 475E2369281A34760068D5C0 /* UI-550Tests.xctest */;
			productType = "com.apple.product-type.bundle.unit-test";
		};
		475E2372281A34760068D5C0 /* UI-550UITests */ = {
			isa = PBXNativeTarget;
			buildConfigurationList = 475E2383281A34760068D5C0 /* Build configuration list for PBXNativeTarget "UI-550UITests" */;
			buildPhases = (
				475E236F281A34760068D5C0 /* Sources */,
				475E2370281A34760068D5C0 /* Frameworks */,
				475E2371281A34760068D5C0 /* Resources */,
			);
			buildRules = (
			);
			dependencies = (
				475E2375281A34760068D5C0 /* PBXTargetDependency */,
			);
			name = "UI-550UITests";
			productName = "UI-550UITests";
			productReference = 475E2373281A34760068D5C0 /* UI-550UITests.xctest */;
			productType = "com.apple.product-type.bundle.ui-testing";
		};
/* End PBXNativeTarget section */

/* Begin PBXProject section */
		475E2351281A34750068D5C0 /* Project object */ = {
			isa = PBXProject;
			attributes = {
				BuildIndependentTargetsInParallel = 1;
				LastSwiftUpdateCheck = 1330;
				LastUpgradeCheck = 1330;
				TargetAttributes = {
					475E2358281A34750068D5C0 = {
						CreatedOnToolsVersion = 13.3;
					};
					475E2368281A34760068D5C0 = {
						CreatedOnToolsVersion = 13.3;
						TestTargetID = 475E2358281A34750068D5C0;
					};
					475E2372281A34760068D5C0 = {
						CreatedOnToolsVersion = 13.3;
						TestTargetID = 475E2358281A34750068D5C0;
					};
				};
			};
			buildConfigurationList = 475E2354281A34750068D5C0 /* Build configuration list for PBXProject "UI-550" */;
			compatibilityVersion = "Xcode 13.0";
			developmentRegion = en;
			hasScannedForEncodings = 0;
			knownRegions = (
				en,
				Base,
			);
			mainGroup = 475E2350281A34750068D5C0;
			productRefGroup = 475E235A281A34750068D5C0 /* Products */;
			projectDirPath = "";
			projectRoot = "";
			targets = (
				475E2358281A34750068D5C0 /* UI-550 */,
				475E2368281A34760068D5C0 /* UI-550Tests */,
				475E2372281A34760068D5C0 /* UI-550UITests */,
			);
		};
/* End PBXProject section */

/* Begin PBXResourcesBuildPhase section */
		475E2357281A34750068D5C0 /* Resources */ = {
			isa = PBXResourcesBuildPhase;
			buildActionMask = 2147483647;
			files = (
				475E2364281A34760068D5C0 /* Preview Assets.xcassets in Resources */,
				475E2361281A34760068D5C0 /* Assets.xcassets in Resources */,
			);
			runOnlyForDeploymentPostprocessing = 0;
		};
		475E2367281A34760068D5C0 /* Resources */ = {
			isa = PBXResourcesBuildPhase;
			buildActionMask = 2147483647;
			files = (
			);
			runOnlyForDeploymentPostprocessing = 0;
		};
		475E2371281A34760068D5C0 /* Resources */ = {
			isa = PBXResourcesBuildPhase;
			buildActionMask = 2147483647;
			files = (
			);
			runOnlyForDeploymentPostprocessing = 0;
		};
/* End PBXResourcesBuildPhase section */

/* Begin PBXSourcesBuildPhase section */
		475E2355281A34750068D5C0 /* Sources */ = {
			isa = PBXSourcesBuildPhase;
			buildActionMask = 2147483647;
			files = (
				475E235F281A34750068D5C0 /* ContentView.swift in Sources */,
				475E2388281A354A0068D5C0 /* CustomTabBar.swift in Sources */,
				475E235D281A34750068D5C0 /* UI_550App.swift in Sources */,
			);
			runOnlyForDeploymentPostprocessing = 0;
		};
		475E2365281A34760068D5C0 /* Sources */ = {
			isa = PBXSourcesBuildPhase;
			buildActionMask = 2147483647;
			files = (
				475E236E281A34760068D5C0 /* UI_550Tests.swift in Sources */,
			);
			runOnlyForDeploymentPostprocessing = 0;
		};
		475E236F281A34760068D5C0 /* Sources */ = {
			isa = PBXSourcesBuildPhase;
			buildActionMask = 2147483647;
			files = (
				475E2378281A34760068D5C0 /* UI_550UITests.swift in Sources */,
				475E237A281A34760068D5C0 /* UI_550UITestsLaunchTests.swift in Sources */,
			);
			runOnlyForDeploymentPostprocessing = 0;
		};
/* End PBXSourcesBuildPhase section */

/* Begin PBXTargetDependency section */
		475E236B281A34760068D5C0 /* PBXTargetDependency */ = {
			isa = PBXTargetDependency;
			target = 475E2358281A34750068D5C0 /* UI-550 */;
			targetProxy = 475E236A281A34760068D5C0 /* PBXContainerItemProxy */;
		};
		475E2375281A34760068D5C0 /* PBXTargetDependency */ = {
			isa = PBXTargetDependency;
			target = 475E2358281A34750068D5C0 /* UI-550 */;
			targetProxy = 475E2374281A34760068D5C0 /* PBXContainerItemProxy */;
		};
/* End PBXTargetDependency section */

/* Begin XCBuildConfiguration section */
		475E237B281A34760068D5C0 /* Debug */ = {
			isa = XCBuildConfiguration;
			buildSettings = {
				ALWAYS_SEARCH_USER_PATHS = NO;
				CLANG_ANALYZER_NONNULL = YES;
				CLANG_ANALYZER_NUMBER_OBJECT_CONVERSION = YES_AGGRESSIVE;
				CLANG_CXX_LANGUAGE_STANDARD = "gnu++17";
				CLANG_ENABLE_MODULES = YES;
				CLANG_ENABLE_OBJC_ARC = YES;
				CLANG_ENABLE_OBJC_WEAK = YES;
				CLANG_WARN_BLOCK_CAPTURE_AUTORELEASING = YES;
				CLANG_WARN_BOOL_CONVERSION = YES;
				CLANG_WARN_COMMA = YES;
				CLANG_WARN_CONSTANT_CONVERSION = YES;
				CLANG_WARN_DEPRECATED_OBJC_IMPLEMENTATIONS = YES;
				CLANG_WARN_DIRECT_OBJC_ISA_USAGE = YES_ERROR;
				CLANG_WARN_DOCUMENTATION_COMMENTS = YES;
				CLANG_WARN_EMPTY_BODY = YES;
				CLANG_WARN_ENUM_CONVERSION = YES;
				CLANG_WARN_INFINITE_RECURSION = YES;
				CLANG_WARN_INT_CONVERSION = YES;
				CLANG_WARN_NON_LITERAL_NULL_CONVERSION = YES;
				CLANG_WARN_OBJC_IMPLICIT_RETAIN_SELF = YES;
				CLANG_WARN_OBJC_LITERAL_CONVERSION = YES;
				CLANG_WARN_OBJC_ROOT_CLASS = YES_ERROR;
				CLANG_WARN_QUOTED_INCLUDE_IN_FRAMEWORK_HEADER = YES;
				CLANG_WARN_RANGE_LOOP_ANALYSIS = YES;
				CLANG_WARN_STRICT_PROTOTYPES = YES;
				CLANG_WARN_SUSPICIOUS_MOVE = YES;
				CLANG_WARN_UNGUARDED_AVAILABILITY = YES_AGGRESSIVE;
				CLANG_WARN_UNREACHABLE_CODE = YES;
				CLANG_WARN__DUPLICATE_METHOD_MATCH = YES;
				COPY_PHASE_STRIP = NO;
				DEBUG_INFORMATION_FORMAT = dwarf;
				ENABLE_STRICT_OBJC_MSGSEND = YES;
				ENABLE_TESTABILITY = YES;
				GCC_C_LANGUAGE_STANDARD = gnu11;
				GCC_DYNAMIC_NO_PIC = NO;
				GCC_NO_COMMON_BLOCKS = YES;
				GCC_OPTIMIZATION_LEVEL = 0;
				GCC_PREPROCESSOR_DEFINITIONS = (
					"DEBUG=1",
					"$(inherited)",
				);
				GCC_WARN_64_TO_32_BIT_CONVERSION = YES;
				GCC_WARN_ABOUT_RETURN_TYPE = YES_ERROR;
				GCC_WARN_UNDECLARED_SELECTOR = YES;
				GCC_WARN_UNINITIALIZED_AUTOS = YES_AGGRESSIVE;
				GCC_WARN_UNUSED_FUNCTION = YES;
				GCC_WARN_UNUSED_VARIABLE = YES;
				IPHONEOS_DEPLOYMENT_TARGET = 15.4;
				MTL_ENABLE_DEBUG_INFO = INCLUDE_SOURCE;
				MTL_FAST_MATH = YES;
				ONLY_ACTIVE_ARCH = YES;
				SDKROOT = iphoneos;
				SWIFT_ACTIVE_COMPILATION_CONDITIONS = DEBUG;
				SWIFT_OPTIMIZATION_LEVEL = "-Onone";
			};
			name = Debug;
		};
		475E237C281A34760068D5C0 /* Release */ = {
			isa = XCBuildConfiguration;
			buildSettings = {
				ALWAYS_SEARCH_USER_PATHS = NO;
				CLANG_ANALYZER_NONNULL = YES;
				CLANG_ANALYZER_NUMBER_OBJECT_CONVERSION = YES_AGGRESSIVE;
				CLANG_CXX_LANGUAGE_STANDARD = "gnu++17";
				CLANG_ENABLE_MODULES = YES;
				CLANG_ENABLE_OBJC_ARC = YES;
				CLANG_ENABLE_OBJC_WEAK = YES;
				CLANG_WARN_BLOCK_CAPTURE_AUTORELEASING = YES;
				CLANG_WARN_BOOL_CONVERSION = YES;
				CLANG_WARN_COMMA = YES;
				CLANG_WARN_CONSTANT_CONVERSION = YES;
				CLANG_WARN_DEPRECATED_OBJC_IMPLEMENTATIONS = YES;
				CLANG_WARN_DIRECT_OBJC_ISA_USAGE = YES_ERROR;
				CLANG_WARN_DOCUMENTATION_COMMENTS = YES;
				CLANG_WARN_EMPTY_BODY = YES;
				CLANG_WARN_ENUM_CONVERSION = YES;
				CLANG_WARN_INFINITE_RECURSION = YES;
				CLANG_WARN_INT_CONVERSION = YES;
				CLANG_WARN_NON_LITERAL_NULL_CONVERSION = YES;
				CLANG_WARN_OBJC_IMPLICIT_RETAIN_SELF = YES;
				CLANG_WARN_OBJC_LITERAL_CONVERSION = YES;
				CLANG_WARN_OBJC_ROOT_CLASS = YES_ERROR;
				CLANG_WARN_QUOTED_INCLUDE_IN_FRAMEWORK_HEADER = YES;
				CLANG_WARN_RANGE_LOOP_ANALYSIS = YES;
				CLANG_WARN_STRICT_PROTOTYPES = YES;
				CLANG_WARN_SUSPICIOUS_MOVE = YES;
				CLANG_WARN_UNGUARDED_AVAILABILITY = YES_AGGRESSIVE;
				CLANG_WARN_UNREACHABLE_CODE = YES;
				CLANG_WARN__DUPLICATE_METHOD_MATCH = YES;
				COPY_PHASE_STRIP = NO;
				DEBUG_INFORMATION_FORMAT = "dwarf-with-dsym";
				ENABLE_NS_ASSERTIONS = NO;
				ENABLE_STRICT_OBJC_MSGSEND = YES;
				GCC_C_LANGUAGE_STANDARD = gnu11;
				GCC_NO_COMMON_BLOCKS = YES;
				GCC_WARN_64_TO_32_BIT_CONVERSION = YES;
				GCC_WARN_ABOUT_RETURN_TYPE = YES_ERROR;
				GCC_WARN_UNDECLARED_SELECTOR = YES;
				GCC_WARN_UNINITIALIZED_AUTOS = YES_AGGRESSIVE;
				GCC_WARN_UNUSED_FUNCTION = YES;
				GCC_WARN_UNUSED_VARIABLE = YES;
				IPHONEOS_DEPLOYMENT_TARGET = 15.4;
				MTL_ENABLE_DEBUG_INFO = NO;
				MTL_FAST_MATH = YES;
				SDKROOT = iphoneos;
				SWIFT_COMPILATION_MODE = wholemodule;
				SWIFT_OPTIMIZATION_LEVEL = "-O";
				VALIDATE_PRODUCT = YES;
			};
			name = Release;
		};
		475E237E281A34760068D5C0 /* Debug */ = {
			isa = XCBuildConfiguration;
			buildSettings = {
				ASSETCATALOG_COMPILER_APPICON_NAME = AppIcon;
				ASSETCATALOG_COMPILER_GLOBAL_ACCENT_COLOR_NAME = AccentColor;
				CODE_SIGN_STYLE = Automatic;
				CURRENT_PROJECT_VERSION = 1;
				DEVELOPMENT_ASSET_PATHS = "\"UI-550/Preview Content\"";
				DEVELOPMENT_TEAM = 8CL4U468K5;
				ENABLE_PREVIEWS = YES;
				GENERATE_INFOPLIST_FILE = YES;
				INFOPLIST_KEY_UIApplicationSceneManifest_Generation = YES;
				INFOPLIST_KEY_UIApplicationSupportsIndirectInputEvents = YES;
				INFOPLIST_KEY_UILaunchScreen_Generation = YES;
				INFOPLIST_KEY_UISupportedInterfaceOrientations_iPad = "UIInterfaceOrientationPortrait UIInterfaceOrientationPortraitUpsideDown UIInterfaceOrientationLandscapeLeft UIInterfaceOrientationLandscapeRight";
				INFOPLIST_KEY_UISupportedInterfaceOrientations_iPhone = "UIInterfaceOrientationPortrait UIInterfaceOrientationLandscapeLeft UIInterfaceOrientationLandscapeRight";
				LD_RUNPATH_SEARCH_PATHS = (
					"$(inherited)",
					"@executable_path/Frameworks",
				);
				MARKETING_VERSION = 1.0;
				PRODUCT_BUNDLE_IDENTIFIER = "com.585.UI-550";
				PRODUCT_NAME = "$(TARGET_NAME)";
				SWIFT_EMIT_LOC_STRINGS = YES;
				SWIFT_VERSION = 5.0;
				TARGETED_DEVICE_FAMILY = "1,2";
			};
			name = Debug;
		};
		475E237F281A34760068D5C0 /* Release */ = {
			isa = XCBuildConfiguration;
			buildSettings = {
				ASSETCATALOG_COMPILER_APPICON_NAME = AppIcon;
				ASSETCATALOG_COMPILER_GLOBAL_ACCENT_COLOR_NAME = AccentColor;
				CODE_SIGN_STYLE = Automatic;
				CURRENT_PROJECT_VERSION = 1;
				DEVELOPMENT_ASSET_PATHS = "\"UI-550/Preview Content\"";
				DEVELOPMENT_TEAM = 8CL4U468K5;
				ENABLE_PREVIEWS = YES;
				GENERATE_INFOPLIST_FILE = YES;
				INFOPLIST_KEY_UIApplicationSceneManifest_Generation = YES;
				INFOPLIST_KEY_UIApplicationSupportsIndirectInputEvents = YES;
				INFOPLIST_KEY_UILaunchScreen_Generation = YES;
				INFOPLIST_KEY_UISupportedInterfaceOrientations_iPad = "UIInterfaceOrientationPortrait UIInterfaceOrientationPortraitUpsideDown UIInterfaceOrientationLandscapeLeft UIInterfaceOrientationLandscapeRight";
				INFOPLIST_KEY_UISupportedInterfaceOrientations_iPhone = "UIInterfaceOrientationPortrait UIInterfaceOrientationLandscapeLeft UIInterfaceOrientationLandscapeRight";
				LD_RUNPATH_SEARCH_PATHS = (
					"$(inherited)",
					"@executable_path/Frameworks",
				);
				MARKETING_VERSION = 1.0;
				PRODUCT_BUNDLE_IDENTIFIER = "com.585.UI-550";
				PRODUCT_NAME = "$(TARGET_NAME)";
				SWIFT_EMIT_LOC_STRINGS = YES;
				SWIFT_VERSION = 5.0;
				TARGETED_DEVICE_FAMILY = "1,2";
			};
			name = Release;
		};
		475E2381281A34760068D5C0 /* Debug */ = {
			isa = XCBuildConfiguration;
			buildSettings = {
				ALWAYS_EMBED_SWIFT_STANDARD_LIBRARIES = YES;
				BUNDLE_LOADER = "$(TEST_HOST)";
				CODE_SIGN_STYLE = Automatic;
				CURRENT_PROJECT_VERSION = 1;
				DEVELOPMENT_TEAM = 8CL4U468K5;
				GENERATE_INFOPLIST_FILE = YES;
				IPHONEOS_DEPLOYMENT_TARGET = 15.4;
				MARKETING_VERSION = 1.0;
				PRODUCT_BUNDLE_IDENTIFIER = "com.585.UI-550Tests";
				PRODUCT_NAME = "$(TARGET_NAME)";
				SWIFT_EMIT_LOC_STRINGS = NO;
				SWIFT_VERSION = 5.0;
				TARGETED_DEVICE_FAMILY = "1,2";
				TEST_HOST = "$(BUILT_PRODUCTS_DIR)/UI-550.app/UI-550";
			};
			name = Debug;
		};
		475E2382281A34760068D5C0 /* Release */ = {
			isa = XCBuildConfiguration;
			buildSettings = {
				ALWAYS_EMBED_SWIFT_STANDARD_LIBRARIES = YES;
				BUNDLE_LOADER = "$(TEST_HOST)";
				CODE_SIGN_STYLE = Automatic;
				CURRENT_PROJECT_VERSION = 1;
				DEVELOPMENT_TEAM = 8CL4U468K5;
				GENERATE_INFOPLIST_FILE = YES;
				IPHONEOS_DEPLOYMENT_TARGET = 15.4;
				MARKETING_VERSION = 1.0;
				PRODUCT_BUNDLE_IDENTIFIER = "com.585.UI-550Tests";
				PRODUCT_NAME = "$(TARGET_NAME)";
				SWIFT_EMIT_LOC_STRINGS = NO;
				SWIFT_VERSION = 5.0;
				TARGETED_DEVICE_FAMILY = "1,2";
				TEST_HOST = "$(BUILT_PRODUCTS_DIR)/UI-550.app/UI-550";
			};
			name = Release;
		};
		475E2384281A34760068D5C0 /* Debug */ = {
			isa = XCBuildConfiguration;
			buildSettings = {
				ALWAYS_EMBED_SWIFT_STANDARD_LIBRARIES = YES;
				CODE_SIGN_STYLE = Automatic;
				CURRENT_PROJECT_VERSION = 1;
				DEVELOPMENT_TEAM = 8CL4U468K5;
				GENERATE_INFOPLIST_FILE = YES;
				MARKETING_VERSION = 1.0;
				PRODUCT_BUNDLE_IDENTIFIER = "com.585.UI-550UITests";
				PRODUCT_NAME = "$(TARGET_NAME)";
				SWIFT_EMIT_LOC_STRINGS = NO;
				SWIFT_VERSION = 5.0;
				TARGETED_DEVICE_FAMILY = "1,2";
				TEST_TARGET_NAME = "UI-550";
			};
			name = Debug;
		};
		475E2385281A34760068D5C0 /* Release */ = {
			isa = XCBuildConfiguration;
			buildSettings = {
				ALWAYS_EMBED_SWIFT_STANDARD_LIBRARIES = YES;
				CODE_SIGN_STYLE = Automatic;
				CURRENT_PROJECT_VERSION = 1;
				DEVELOPMENT_TEAM = 8CL4U468K5;
				GENERATE_INFOPLIST_FILE = YES;
				MARKETING_VERSION = 1.0;
				PRODUCT_BUNDLE_IDENTIFIER = "com.585.UI-550UITests";
				PRODUCT_NAME = "$(TARGET_NAME)";
				SWIFT_EMIT_LOC_STRINGS = NO;
				SWIFT_VERSION = 5.0;
				TARGETED_DEVICE_FAMILY = "1,2";
				TEST_TARGET_NAME = "UI-550";
			};
			name = Release;
		};
/* End XCBuildConfiguration section */

/* Begin XCConfigurationList section */
		475E2354281A34750068D5C0 /* Build configuration list for PBXProject "UI-550" */ = {
			isa = XCConfigurationList;
			buildConfigurations = (
				475E237B281A34760068D5C0 /* Debug */,
				475E237C281A34760068D5C0 /* Release */,
			);
			defaultConfigurationIsVisible = 0;
			defaultConfigurationName = Release;
		};
		475E237D281A34760068D5C0 /* Build configuration list for PBXNativeTarget "UI-550" */ = {
			isa = XCConfigurationList;
			buildConfigurations = (
				475E237E281A34760068D5C0 /* Debug */,
				475E237F281A34760068D5C0 /* Release */,
			);
			defaultConfigurationIsVisible = 0;
			defaultConfigurationName = Release;
		};
		475E2380281A34760068D5C0 /* Build configuration list for PBXNativeTarget "UI-550Tests" */ = {
			isa = XCConfigurationList;
			buildConfigurations = (
				475E2381281A34760068D5C0 /* Debug */,
				475E2382281A34760068D5C0 /* Release */,
			);
			defaultConfigurationIsVisible = 0;
			defaultConfigurationName = Release;
		};
		475E2383281A34760068D5C0 /* Build configuration list for PBXNativeTarget "UI-550UITests" */ = {
			isa = XCConfigurationList;
			buildConfigurations = (
				475E2384281A34760068D5C0 /* Debug */,
				475E2385281A34760068D5C0 /* Release */,
			);
			defaultConfigurationIsVisible = 0;
			defaultConfigurationName = Release;
		};
/* End XCConfigurationList section */
	};
	rootObject = 475E2351281A34750068D5C0 /* Project object */;
}
